
Microsoft Visual Studio Solution File, Format Version 12.00
Project("{FAE04EC0-301F-11D3-BF4B-00C04F79EFBC}") = "AuthenticationStack", "cdk\src\AuthenticationStack\AuthenticationStack.csproj", "{FEDDA406-200B-4D4A-8E36-702A66B654AD}"
EndProject
Project("{FAE04EC0-301F-11D3-BF4B-00C04F79EFBC}") = "BookInventory.Api", "src\BookInventoryApi\BookInventory.Api\BookInventory.Api.csproj", "{59BDA541-C2E8-4CEC-A756-6D3582126E27}"
EndProject
Project("{FAE04EC0-301F-11D3-BF4B-00C04F79EFBC}") = "BookInventory.Models", "src\BookInventoryApi\BookInventory.Models\BookInventory.Models.csproj", "{12EE8EBF-1FBE-44C2-9709-3E962AE752CC}"
EndProject
Project("{FAE04EC0-301F-11D3-BF4B-00C04F79EFBC}") = "BookInventory.Common", "src\BookInventoryApi\BookInventory.Common\BookInventory.Common.csproj", "{27BAC925-4476-4984-93CE-D01383F4F7FD}"
EndProject
Project("{FAE04EC0-301F-11D3-BF4B-00C04F79EFBC}") = "BookInventory.Service", "src\BookInventoryApi\BookInventory.Service\BookInventory.Service.csproj", "{2C1B7D74-610F-4C6C-AC02-1D9445781540}"
EndProject
Project("{FAE04EC0-301F-11D3-BF4B-00C04F79EFBC}") = "BookInventory.Repository", "src\BookInventoryApi\BookInventory.Repository\BookInventory.Repository.csproj", "{205513B6-4051-407A-9E59-9C4F8490C2D2}"
EndProject
Project("{FAE04EC0-301F-11D3-BF4B-00C04F79EFBC}") = "BookInventoryApiStack", "cdk\src\BookInventoryApiStack\BookInventoryApiStack.csproj", "{1A4A5993-3839-448F-B82D-05474EAD5720}"
EndProject
Project("{FAE04EC0-301F-11D3-BF4B-00C04F79EFBC}") = "SharedConstructs", "cdk\src\SharedConstructs\SharedConstructs.csproj", "{2F090BCB-6AE5-4746-9A4A-E13B5F64EBCE}"
EndProject
Project("{FAE04EC0-301F-11D3-BF4B-00C04F79EFBC}") = "BookInventory.Api.UnitTests", "tests\BookInventoryApi\BookInventory.Api.UnitTests\BookInventory.Api.UnitTests.csproj", "{2264CC4F-519F-426F-A8DC-D99D45DEFDDB}"
EndProject
Project("{FAE04EC0-301F-11D3-BF4B-00C04F79EFBC}") = "BookInventory.Service.UnitTests", "tests\BookInventoryApi\BookInventory.Service.UnitTests\BookInventory.Service.UnitTests.csproj", "{DCDA5057-2D9B-4F81-B8CF-4AAF4E87914D}"
EndProject
Project("{FAE04EC0-301F-11D3-BF4B-00C04F79EFBC}") = "OrderService.Api", "src\OrderServiceApi\OrderService.Api\OrderService.Api.csproj", "{64E7CCA4-1A1C-426A-B7D4-29C0E684466E}"
EndProject
Project("{FAE04EC0-301F-11D3-BF4B-00C04F79EFBC}") = "OrderService.Common", "src\OrderServiceApi\OrderService.Common\OrderService.Common.csproj", "{71FA2D8E-4CC3-4F65-8EEB-1F37734ECCCB}"
EndProject
Project("{FAE04EC0-301F-11D3-BF4B-00C04F79EFBC}") = "OrderService.Models", "src\OrderServiceApi\OrderService.Models\OrderService.Models.csproj", "{9D38686E-2137-4C90-B25B-CBE62F27A076}"
EndProject
Project("{FAE04EC0-301F-11D3-BF4B-00C04F79EFBC}") = "OrderService.Service", "src\OrderServiceApi\OrderService.Service\OrderService.Service.csproj", "{0BFBE09E-9962-4E1F-98D9-4C019DF9403B}"
EndProject
Project("{FAE04EC0-301F-11D3-BF4B-00C04F79EFBC}") = "OrderServiceApiStack", "Cdk\src\OrderServiceApiStack\OrderServiceApiStack.csproj", "{63C9E8B7-BD99-46A9-8CF2-EB68D564E006}"
EndProject
Global
	GlobalSection(SolutionConfigurationPlatforms) = preSolution
		Debug|Any CPU = Debug|Any CPU
		Release|Any CPU = Release|Any CPU
	EndGlobalSection
	GlobalSection(ProjectConfigurationPlatforms) = postSolution
		{FEDDA406-200B-4D4A-8E36-702A66B654AD}.Debug|Any CPU.ActiveCfg = Debug|Any CPU
		{FEDDA406-200B-4D4A-8E36-702A66B654AD}.Debug|Any CPU.Build.0 = Debug|Any CPU
		{FEDDA406-200B-4D4A-8E36-702A66B654AD}.Release|Any CPU.ActiveCfg = Release|Any CPU
		{FEDDA406-200B-4D4A-8E36-702A66B654AD}.Release|Any CPU.Build.0 = Release|Any CPU
		{59BDA541-C2E8-4CEC-A756-6D3582126E27}.Debug|Any CPU.ActiveCfg = Debug|Any CPU
		{59BDA541-C2E8-4CEC-A756-6D3582126E27}.Debug|Any CPU.Build.0 = Debug|Any CPU
		{59BDA541-C2E8-4CEC-A756-6D3582126E27}.Release|Any CPU.ActiveCfg = Release|Any CPU
		{59BDA541-C2E8-4CEC-A756-6D3582126E27}.Release|Any CPU.Build.0 = Release|Any CPU
		{12EE8EBF-1FBE-44C2-9709-3E962AE752CC}.Debug|Any CPU.ActiveCfg = Debug|Any CPU
		{12EE8EBF-1FBE-44C2-9709-3E962AE752CC}.Debug|Any CPU.Build.0 = Debug|Any CPU
		{12EE8EBF-1FBE-44C2-9709-3E962AE752CC}.Release|Any CPU.ActiveCfg = Release|Any CPU
		{12EE8EBF-1FBE-44C2-9709-3E962AE752CC}.Release|Any CPU.Build.0 = Release|Any CPU
		{27BAC925-4476-4984-93CE-D01383F4F7FD}.Debug|Any CPU.ActiveCfg = Debug|Any CPU
		{27BAC925-4476-4984-93CE-D01383F4F7FD}.Debug|Any CPU.Build.0 = Debug|Any CPU
		{27BAC925-4476-4984-93CE-D01383F4F7FD}.Release|Any CPU.ActiveCfg = Release|Any CPU
		{27BAC925-4476-4984-93CE-D01383F4F7FD}.Release|Any CPU.Build.0 = Release|Any CPU
		{2C1B7D74-610F-4C6C-AC02-1D9445781540}.Debug|Any CPU.ActiveCfg = Debug|Any CPU
		{2C1B7D74-610F-4C6C-AC02-1D9445781540}.Debug|Any CPU.Build.0 = Debug|Any CPU
		{2C1B7D74-610F-4C6C-AC02-1D9445781540}.Release|Any CPU.ActiveCfg = Release|Any CPU
		{2C1B7D74-610F-4C6C-AC02-1D9445781540}.Release|Any CPU.Build.0 = Release|Any CPU
		{205513B6-4051-407A-9E59-9C4F8490C2D2}.Debug|Any CPU.ActiveCfg = Debug|Any CPU
		{205513B6-4051-407A-9E59-9C4F8490C2D2}.Debug|Any CPU.Build.0 = Debug|Any CPU
		{205513B6-4051-407A-9E59-9C4F8490C2D2}.Release|Any CPU.ActiveCfg = Release|Any CPU
		{205513B6-4051-407A-9E59-9C4F8490C2D2}.Release|Any CPU.Build.0 = Release|Any CPU
		{1A4A5993-3839-448F-B82D-05474EAD5720}.Debug|Any CPU.ActiveCfg = Debug|Any CPU
		{1A4A5993-3839-448F-B82D-05474EAD5720}.Debug|Any CPU.Build.0 = Debug|Any CPU
		{1A4A5993-3839-448F-B82D-05474EAD5720}.Release|Any CPU.ActiveCfg = Release|Any CPU
		{1A4A5993-3839-448F-B82D-05474EAD5720}.Release|Any CPU.Build.0 = Release|Any CPU
		{2F090BCB-6AE5-4746-9A4A-E13B5F64EBCE}.Debug|Any CPU.ActiveCfg = Debug|Any CPU
		{2F090BCB-6AE5-4746-9A4A-E13B5F64EBCE}.Debug|Any CPU.Build.0 = Debug|Any CPU
		{2F090BCB-6AE5-4746-9A4A-E13B5F64EBCE}.Release|Any CPU.ActiveCfg = Release|Any CPU
		{2F090BCB-6AE5-4746-9A4A-E13B5F64EBCE}.Release|Any CPU.Build.0 = Release|Any CPU
		{2264CC4F-519F-426F-A8DC-D99D45DEFDDB}.Debug|Any CPU.ActiveCfg = Debug|Any CPU
		{2264CC4F-519F-426F-A8DC-D99D45DEFDDB}.Debug|Any CPU.Build.0 = Debug|Any CPU
		{2264CC4F-519F-426F-A8DC-D99D45DEFDDB}.Release|Any CPU.ActiveCfg = Release|Any CPU
		{2264CC4F-519F-426F-A8DC-D99D45DEFDDB}.Release|Any CPU.Build.0 = Release|Any CPU
		{DCDA5057-2D9B-4F81-B8CF-4AAF4E87914D}.Debug|Any CPU.ActiveCfg = Debug|Any CPU
		{DCDA5057-2D9B-4F81-B8CF-4AAF4E87914D}.Debug|Any CPU.Build.0 = Debug|Any CPU
		{DCDA5057-2D9B-4F81-B8CF-4AAF4E87914D}.Release|Any CPU.ActiveCfg = Release|Any CPU
		{DCDA5057-2D9B-4F81-B8CF-4AAF4E87914D}.Release|Any CPU.Build.0 = Release|Any CPU
		{64E7CCA4-1A1C-426A-B7D4-29C0E684466E}.Debug|Any CPU.ActiveCfg = Debug|Any CPU
		{64E7CCA4-1A1C-426A-B7D4-29C0E684466E}.Debug|Any CPU.Build.0 = Debug|Any CPU
		{64E7CCA4-1A1C-426A-B7D4-29C0E684466E}.Release|Any CPU.ActiveCfg = Release|Any CPU
		{64E7CCA4-1A1C-426A-B7D4-29C0E684466E}.Release|Any CPU.Build.0 = Release|Any CPU
		{71FA2D8E-4CC3-4F65-8EEB-1F37734ECCCB}.Debug|Any CPU.ActiveCfg = Debug|Any CPU
		{71FA2D8E-4CC3-4F65-8EEB-1F37734ECCCB}.Debug|Any CPU.Build.0 = Debug|Any CPU
		{71FA2D8E-4CC3-4F65-8EEB-1F37734ECCCB}.Release|Any CPU.ActiveCfg = Release|Any CPU
		{71FA2D8E-4CC3-4F65-8EEB-1F37734ECCCB}.Release|Any CPU.Build.0 = Release|Any CPU
		{9D38686E-2137-4C90-B25B-CBE62F27A076}.Debug|Any CPU.ActiveCfg = Debug|Any CPU
		{9D38686E-2137-4C90-B25B-CBE62F27A076}.Debug|Any CPU.Build.0 = Debug|Any CPU
		{9D38686E-2137-4C90-B25B-CBE62F27A076}.Release|Any CPU.ActiveCfg = Release|Any CPU
		{9D38686E-2137-4C90-B25B-CBE62F27A076}.Release|Any CPU.Build.0 = Release|Any CPU
		{0BFBE09E-9962-4E1F-98D9-4C019DF9403B}.Debug|Any CPU.ActiveCfg = Debug|Any CPU
		{0BFBE09E-9962-4E1F-98D9-4C019DF9403B}.Debug|Any CPU.Build.0 = Debug|Any CPU
		{0BFBE09E-9962-4E1F-98D9-4C019DF9403B}.Release|Any CPU.ActiveCfg = Release|Any CPU
		{0BFBE09E-9962-4E1F-98D9-4C019DF9403B}.Release|Any CPU.Build.0 = Release|Any CPU
		{63C9E8B7-BD99-46A9-8CF2-EB68D564E006}.Debug|Any CPU.ActiveCfg = Debug|Any CPU
		{63C9E8B7-BD99-46A9-8CF2-EB68D564E006}.Debug|Any CPU.Build.0 = Debug|Any CPU
		{63C9E8B7-BD99-46A9-8CF2-EB68D564E006}.Release|Any CPU.ActiveCfg = Release|Any CPU
		{63C9E8B7-BD99-46A9-8CF2-EB68D564E006}.Release|Any CPU.Build.0 = Release|Any CPU
	EndGlobalSection
EndGlobal
