
Microsoft Visual Studio Solution File, Format Version 12.00
# Visual Studio Version 17
VisualStudioVersion = 17.7.34202.233
MinimumVisualStudioVersion = 10.0.40219.1
Project("{9A19103F-16F7-4668-BE54-9A1E7A4F7556}") = "AuthenticationStack", "cdk\src\AuthenticationStack\AuthenticationStack.csproj", "{FEDDA406-200B-4D4A-8E36-702A66B654AD}"
EndProject
Project("{9A19103F-16F7-4668-BE54-9A1E7A4F7556}") = "BookInventory.Api", "src\BookInventoryApi\BookInventory.Api\BookInventory.Api.csproj", "{59BDA541-C2E8-4CEC-A756-6D3582126E27}"
EndProject
Project("{9A19103F-16F7-4668-BE54-9A1E7A4F7556}") = "BookInventory.Models", "src\BookInventoryApi\BookInventory.Models\BookInventory.Models.csproj", "{12EE8EBF-1FBE-44C2-9709-3E962AE752CC}"
EndProject
Project("{9A19103F-16F7-4668-BE54-9A1E7A4F7556}") = "BookInventory.Common", "src\BookInventoryApi\BookInventory.Common\BookInventory.Common.csproj", "{27BAC925-4476-4984-93CE-D01383F4F7FD}"
EndProject
Project("{9A19103F-16F7-4668-BE54-9A1E7A4F7556}") = "BookInventory.Service", "src\BookInventoryApi\BookInventory.Service\BookInventory.Service.csproj", "{2C1B7D74-610F-4C6C-AC02-1D9445781540}"
EndProject
Project("{9A19103F-16F7-4668-BE54-9A1E7A4F7556}") = "BookInventory.Repository", "src\BookInventoryApi\BookInventory.Repository\BookInventory.Repository.csproj", "{205513B6-4051-407A-9E59-9C4F8490C2D2}"
EndProject
Project("{9A19103F-16F7-4668-BE54-9A1E7A4F7556}") = "BookInventoryApiStack", "cdk\src\BookInventoryApiStack\BookInventoryApiStack.csproj", "{1A4A5993-3839-448F-B82D-05474EAD5720}"
EndProject
Project("{9A19103F-16F7-4668-BE54-9A1E7A4F7556}") = "SharedConstructs", "cdk\src\SharedConstructs\SharedConstructs.csproj", "{2F090BCB-6AE5-4746-9A4A-E13B5F64EBCE}"
EndProject
Project("{9A19103F-16F7-4668-BE54-9A1E7A4F7556}") = "BookInventory.Api.UnitTests", "tests\BookInventoryApi\BookInventory.Api.UnitTests\BookInventory.Api.UnitTests.csproj", "{2264CC4F-519F-426F-A8DC-D99D45DEFDDB}"
EndProject
Project("{9A19103F-16F7-4668-BE54-9A1E7A4F7556}") = "BookInventory.Service.UnitTests", "tests\BookInventoryApi\BookInventory.Service.UnitTests\BookInventory.Service.UnitTests.csproj", "{DCDA5057-2D9B-4F81-B8CF-4AAF4E87914D}"
EndProject
Project("{9A19103F-16F7-4668-BE54-9A1E7A4F7556}") = "Orders.Api", "src\OrdersApi\Orders.Api\Orders.Api.csproj", "{F41E637A-ADBE-4499-A406-DAB99784A6F5}"
EndProject
Project("{9A19103F-16F7-4668-BE54-9A1E7A4F7556}") = "Orders.Models", "src\OrdersApi\Orders.Models\Orders.Models.csproj", "{E5A92D22-FB1C-44EB-973A-9565E62DA3C1}"
EndProject
Project("{9A19103F-16F7-4668-BE54-9A1E7A4F7556}") = "Orders.Services", "src\OrdersApi\Orders.Services\Orders.Services.csproj", "{6B74D9E3-7327-489B-A225-FFC0D9DCB0D6}"
EndProject
Project("{9A19103F-16F7-4668-BE54-9A1E7A4F7556}") = "Orders.Repository", "src\OrdersApi\Orders.Repository\Orders.Repository.csproj", "{8BE90EA3-AA0B-47C1-9E29-6570FC51E1DA}"
EndProject
Project("{9A19103F-16F7-4668-BE54-9A1E7A4F7556}") = "Orders.Api.UnitTests", "tests\OrdersApi\Orders.Api.UnitTests\Orders.Api.UnitTests.csproj", "{01EB1709-E658-4EBB-AC50-0BCCA92C53B7}"
EndProject
Project("{9A19103F-16F7-4668-BE54-9A1E7A4F7556}") = "Orders.Services.UnitTests", "tests\OrdersApi\Orders.Services.UnitTests\Orders.Services.UnitTests.csproj", "{D9968928-CCB0-4FEB-A02E-2F818AD36D99}"
EndProject
Global
	GlobalSection(SolutionConfigurationPlatforms) = preSolution
		Debug|Any CPU = Debug|Any CPU
		Release|Any CPU = Release|Any CPU
	EndGlobalSection
	GlobalSection(ProjectConfigurationPlatforms) = postSolution
		{FEDDA406-200B-4D4A-8E36-702A66B654AD}.Debug|Any CPU.ActiveCfg = Debug|Any CPU
		{FEDDA406-200B-4D4A-8E36-702A66B654AD}.Debug|Any CPU.Build.0 = Debug|Any CPU
		{FEDDA406-200B-4D4A-8E36-702A66B654AD}.Release|Any CPU.ActiveCfg = Release|Any CPU
		{FEDDA406-200B-4D4A-8E36-702A66B654AD}.Release|Any CPU.Build.0 = Release|Any CPU
		{59BDA541-C2E8-4CEC-A756-6D3582126E27}.Debug|Any CPU.ActiveCfg = Debug|Any CPU
		{59BDA541-C2E8-4CEC-A756-6D3582126E27}.Debug|Any CPU.Build.0 = Debug|Any CPU
		{59BDA541-C2E8-4CEC-A756-6D3582126E27}.Release|Any CPU.ActiveCfg = Release|Any CPU
		{59BDA541-C2E8-4CEC-A756-6D3582126E27}.Release|Any CPU.Build.0 = Release|Any CPU
		{12EE8EBF-1FBE-44C2-9709-3E962AE752CC}.Debug|Any CPU.ActiveCfg = Debug|Any CPU
		{12EE8EBF-1FBE-44C2-9709-3E962AE752CC}.Debug|Any CPU.Build.0 = Debug|Any CPU
		{12EE8EBF-1FBE-44C2-9709-3E962AE752CC}.Release|Any CPU.ActiveCfg = Release|Any CPU
		{12EE8EBF-1FBE-44C2-9709-3E962AE752CC}.Release|Any CPU.Build.0 = Release|Any CPU
		{27BAC925-4476-4984-93CE-D01383F4F7FD}.Debug|Any CPU.ActiveCfg = Debug|Any CPU
		{27BAC925-4476-4984-93CE-D01383F4F7FD}.Debug|Any CPU.Build.0 = Debug|Any CPU
		{27BAC925-4476-4984-93CE-D01383F4F7FD}.Release|Any CPU.ActiveCfg = Release|Any CPU
		{27BAC925-4476-4984-93CE-D01383F4F7FD}.Release|Any CPU.Build.0 = Release|Any CPU
		{2C1B7D74-610F-4C6C-AC02-1D9445781540}.Debug|Any CPU.ActiveCfg = Debug|Any CPU
		{2C1B7D74-610F-4C6C-AC02-1D9445781540}.Debug|Any CPU.Build.0 = Debug|Any CPU
		{2C1B7D74-610F-4C6C-AC02-1D9445781540}.Release|Any CPU.ActiveCfg = Release|Any CPU
		{2C1B7D74-610F-4C6C-AC02-1D9445781540}.Release|Any CPU.Build.0 = Release|Any CPU
		{205513B6-4051-407A-9E59-9C4F8490C2D2}.Debug|Any CPU.ActiveCfg = Debug|Any CPU
		{205513B6-4051-407A-9E59-9C4F8490C2D2}.Debug|Any CPU.Build.0 = Debug|Any CPU
		{205513B6-4051-407A-9E59-9C4F8490C2D2}.Release|Any CPU.ActiveCfg = Release|Any CPU
		{205513B6-4051-407A-9E59-9C4F8490C2D2}.Release|Any CPU.Build.0 = Release|Any CPU
		{1A4A5993-3839-448F-B82D-05474EAD5720}.Debug|Any CPU.ActiveCfg = Debug|Any CPU
		{1A4A5993-3839-448F-B82D-05474EAD5720}.Debug|Any CPU.Build.0 = Debug|Any CPU
		{1A4A5993-3839-448F-B82D-05474EAD5720}.Release|Any CPU.ActiveCfg = Release|Any CPU
		{1A4A5993-3839-448F-B82D-05474EAD5720}.Release|Any CPU.Build.0 = Release|Any CPU
		{2F090BCB-6AE5-4746-9A4A-E13B5F64EBCE}.Debug|Any CPU.ActiveCfg = Debug|Any CPU
		{2F090BCB-6AE5-4746-9A4A-E13B5F64EBCE}.Debug|Any CPU.Build.0 = Debug|Any CPU
		{2F090BCB-6AE5-4746-9A4A-E13B5F64EBCE}.Release|Any CPU.ActiveCfg = Release|Any CPU
		{2F090BCB-6AE5-4746-9A4A-E13B5F64EBCE}.Release|Any CPU.Build.0 = Release|Any CPU
		{2264CC4F-519F-426F-A8DC-D99D45DEFDDB}.Debug|Any CPU.ActiveCfg = Debug|Any CPU
		{2264CC4F-519F-426F-A8DC-D99D45DEFDDB}.Debug|Any CPU.Build.0 = Debug|Any CPU
		{2264CC4F-519F-426F-A8DC-D99D45DEFDDB}.Release|Any CPU.ActiveCfg = Release|Any CPU
		{2264CC4F-519F-426F-A8DC-D99D45DEFDDB}.Release|Any CPU.Build.0 = Release|Any CPU
		{DCDA5057-2D9B-4F81-B8CF-4AAF4E87914D}.Debug|Any CPU.ActiveCfg = Debug|Any CPU
		{DCDA5057-2D9B-4F81-B8CF-4AAF4E87914D}.Debug|Any CPU.Build.0 = Debug|Any CPU
		{DCDA5057-2D9B-4F81-B8CF-4AAF4E87914D}.Release|Any CPU.ActiveCfg = Release|Any CPU
		{DCDA5057-2D9B-4F81-B8CF-4AAF4E87914D}.Release|Any CPU.Build.0 = Release|Any CPU
		{F41E637A-ADBE-4499-A406-DAB99784A6F5}.Debug|Any CPU.ActiveCfg = Debug|Any CPU
		{F41E637A-ADBE-4499-A406-DAB99784A6F5}.Debug|Any CPU.Build.0 = Debug|Any CPU
		{F41E637A-ADBE-4499-A406-DAB99784A6F5}.Release|Any CPU.ActiveCfg = Release|Any CPU
		{F41E637A-ADBE-4499-A406-DAB99784A6F5}.Release|Any CPU.Build.0 = Release|Any CPU
		{E5A92D22-FB1C-44EB-973A-9565E62DA3C1}.Debug|Any CPU.ActiveCfg = Debug|Any CPU
		{E5A92D22-FB1C-44EB-973A-9565E62DA3C1}.Debug|Any CPU.Build.0 = Debug|Any CPU
		{E5A92D22-FB1C-44EB-973A-9565E62DA3C1}.Release|Any CPU.ActiveCfg = Release|Any CPU
		{E5A92D22-FB1C-44EB-973A-9565E62DA3C1}.Release|Any CPU.Build.0 = Release|Any CPU
		{6B74D9E3-7327-489B-A225-FFC0D9DCB0D6}.Debug|Any CPU.ActiveCfg = Debug|Any CPU
		{6B74D9E3-7327-489B-A225-FFC0D9DCB0D6}.Debug|Any CPU.Build.0 = Debug|Any CPU
		{6B74D9E3-7327-489B-A225-FFC0D9DCB0D6}.Release|Any CPU.ActiveCfg = Release|Any CPU
		{6B74D9E3-7327-489B-A225-FFC0D9DCB0D6}.Release|Any CPU.Build.0 = Release|Any CPU
		{8BE90EA3-AA0B-47C1-9E29-6570FC51E1DA}.Debug|Any CPU.ActiveCfg = Debug|Any CPU
		{8BE90EA3-AA0B-47C1-9E29-6570FC51E1DA}.Debug|Any CPU.Build.0 = Debug|Any CPU
		{8BE90EA3-AA0B-47C1-9E29-6570FC51E1DA}.Release|Any CPU.ActiveCfg = Release|Any CPU
		{8BE90EA3-AA0B-47C1-9E29-6570FC51E1DA}.Release|Any CPU.Build.0 = Release|Any CPU
		{01EB1709-E658-4EBB-AC50-0BCCA92C53B7}.Debug|Any CPU.ActiveCfg = Debug|Any CPU
		{01EB1709-E658-4EBB-AC50-0BCCA92C53B7}.Debug|Any CPU.Build.0 = Debug|Any CPU
		{01EB1709-E658-4EBB-AC50-0BCCA92C53B7}.Release|Any CPU.ActiveCfg = Release|Any CPU
		{01EB1709-E658-4EBB-AC50-0BCCA92C53B7}.Release|Any CPU.Build.0 = Release|Any CPU
		{D9968928-CCB0-4FEB-A02E-2F818AD36D99}.Debug|Any CPU.ActiveCfg = Debug|Any CPU
		{D9968928-CCB0-4FEB-A02E-2F818AD36D99}.Debug|Any CPU.Build.0 = Debug|Any CPU
		{D9968928-CCB0-4FEB-A02E-2F818AD36D99}.Release|Any CPU.ActiveCfg = Release|Any CPU
		{D9968928-CCB0-4FEB-A02E-2F818AD36D99}.Release|Any CPU.Build.0 = Release|Any CPU
	EndGlobalSection
	GlobalSection(SolutionProperties) = preSolution
		HideSolutionNode = FALSE
	EndGlobalSection
	GlobalSection(ExtensibilityGlobals) = postSolution
		SolutionGuid = {61B77669-A915-45D6-88CF-3DB6FA2E9E78}
	EndGlobalSection
EndGlobal
